
Microsoft Visual Studio Solution File, Format Version 12.00
# Visual Studio Version 17
VisualStudioVersion = 17.9.34728.123
MinimumVisualStudioVersion = 10.0.40219.1
Project("{FAE04EC0-301F-11D3-BF4B-00C04F79EFBC}") = "Week6StringsAndArrays", "Week6StringsAndArrays\Week6StringsAndArrays.csproj", "{840F0D16-37DD-46DC-884F-9A02029E84B9}"
EndProject
Project("{FAE04EC0-301F-11D3-BF4B-00C04F79EFBC}") = "Arrays", "Arrays\Arrays.csproj", "{286C3644-AB02-41B4-85A5-D57AC063BB66}"
EndProject
Project("{FAE04EC0-301F-11D3-BF4B-00C04F79EFBC}") = "NumberArray", "NumberArray\NumberArray.csproj", "{E87106C7-C965-4FF8-8AB7-EA88A2ACBFD0}"
EndProject
Project("{FAE04EC0-301F-11D3-BF4B-00C04F79EFBC}") = "RandomElement", "RandomElement\RandomElement.csproj", "{37F456E1-5738-43C6-AB4C-6A5D054EA2D4}"
EndProject
Global
	GlobalSection(SolutionConfigurationPlatforms) = preSolution
		Debug|Any CPU = Debug|Any CPU
		Release|Any CPU = Release|Any CPU
	EndGlobalSection
	GlobalSection(ProjectConfigurationPlatforms) = postSolution
		{840F0D16-37DD-46DC-884F-9A02029E84B9}.Debug|Any CPU.ActiveCfg = Debug|Any CPU
		{840F0D16-37DD-46DC-884F-9A02029E84B9}.Debug|Any CPU.Build.0 = Debug|Any CPU
		{840F0D16-37DD-46DC-884F-9A02029E84B9}.Release|Any CPU.ActiveCfg = Release|Any CPU
		{840F0D16-37DD-46DC-884F-9A02029E84B9}.Release|Any CPU.Build.0 = Release|Any CPU
		{286C3644-AB02-41B4-85A5-D57AC063BB66}.Debug|Any CPU.ActiveCfg = Debug|Any CPU
		{286C3644-AB02-41B4-85A5-D57AC063BB66}.Debug|Any CPU.Build.0 = Debug|Any CPU
		{286C3644-AB02-41B4-85A5-D57AC063BB66}.Release|Any CPU.ActiveCfg = Release|Any CPU
		{286C3644-AB02-41B4-85A5-D57AC063BB66}.Release|Any CPU.Build.0 = Release|Any CPU
		{E87106C7-C965-4FF8-8AB7-EA88A2ACBFD0}.Debug|Any CPU.ActiveCfg = Debug|Any CPU
		{E87106C7-C965-4FF8-8AB7-EA88A2ACBFD0}.Debug|Any CPU.Build.0 = Debug|Any CPU
		{E87106C7-C965-4FF8-8AB7-EA88A2ACBFD0}.Release|Any CPU.ActiveCfg = Release|Any CPU
		{E87106C7-C965-4FF8-8AB7-EA88A2ACBFD0}.Release|Any CPU.Build.0 = Release|Any CPU
		{37F456E1-5738-43C6-AB4C-6A5D054EA2D4}.Debug|Any CPU.ActiveCfg = Debug|Any CPU
		{37F456E1-5738-43C6-AB4C-6A5D054EA2D4}.Debug|Any CPU.Build.0 = Debug|Any CPU
		{37F456E1-5738-43C6-AB4C-6A5D054EA2D4}.Release|Any CPU.ActiveCfg = Release|Any CPU
		{37F456E1-5738-43C6-AB4C-6A5D054EA2D4}.Release|Any CPU.Build.0 = Release|Any CPU
	EndGlobalSection
	GlobalSection(SolutionProperties) = preSolution
		HideSolutionNode = FALSE
	EndGlobalSection
	GlobalSection(ExtensibilityGlobals) = postSolution
		SolutionGuid = {55651C96-20A9-4AC8-90F4-E840807F9B7C}
	EndGlobalSection
EndGlobal
